
Microsoft Visual Studio Solution File, Format Version 12.00
# Visual Studio Version 16
VisualStudioVersion = 16.0.33801.447
MinimumVisualStudioVersion = 10.0.40219.1
Project("{FAE04EC0-301F-11D3-BF4B-00C04F79EFBC}") = "PackageExpressAssignment", "PackageExpressAssignment\PackageExpressAssignment.csproj", "{B9910BE4-C228-4730-89A9-F12CB5B1FC17}"
EndProject
Global
	GlobalSection(SolutionConfigurationPlatforms) = preSolution
		Debug|Any CPU = Debug|Any CPU
		Release|Any CPU = Release|Any CPU
	EndGlobalSection
	GlobalSection(ProjectConfigurationPlatforms) = postSolution
		{B9910BE4-C228-4730-89A9-F12CB5B1FC17}.Debug|Any CPU.ActiveCfg = Debug|Any CPU
		{B9910BE4-C228-4730-89A9-F12CB5B1FC17}.Debug|Any CPU.Build.0 = Debug|Any CPU
		{B9910BE4-C228-4730-89A9-F12CB5B1FC17}.Release|Any CPU.ActiveCfg = Release|Any CPU
		{B9910BE4-C228-4730-89A9-F12CB5B1FC17}.Release|Any CPU.Build.0 = Release|Any CPU
	EndGlobalSection
	GlobalSection(SolutionProperties) = preSolution
		HideSolutionNode = FALSE
	EndGlobalSection
	GlobalSection(ExtensibilityGlobals) = postSolution
		SolutionGuid = {C5AE0CD5-D0CD-4DF1-A993-A260E2396C24}
	EndGlobalSection
EndGlobal
