
Microsoft Visual Studio Solution File, Format Version 12.00
# Visual Studio Version 16
VisualStudioVersion = 16.0.33801.447
MinimumVisualStudioVersion = 10.0.40219.1
Project("{FAE04EC0-301F-11D3-BF4B-00C04F79EFBC}") = "AcmeAccounting", "AcmeAccounting\AcmeAccounting.csproj", "{365B698C-28EB-4FAF-9A1C-33FAD479AAB4}"
EndProject
Global
	GlobalSection(SolutionConfigurationPlatforms) = preSolution
		Debug|Any CPU = Debug|Any CPU
		Release|Any CPU = Release|Any CPU
	EndGlobalSection
	GlobalSection(ProjectConfigurationPlatforms) = postSolution
		{365B698C-28EB-4FAF-9A1C-33FAD479AAB4}.Debug|Any CPU.ActiveCfg = Debug|Any CPU
		{365B698C-28EB-4FAF-9A1C-33FAD479AAB4}.Debug|Any CPU.Build.0 = Debug|Any CPU
		{365B698C-28EB-4FAF-9A1C-33FAD479AAB4}.Release|Any CPU.ActiveCfg = Release|Any CPU
		{365B698C-28EB-4FAF-9A1C-33FAD479AAB4}.Release|Any CPU.Build.0 = Release|Any CPU
	EndGlobalSection
	GlobalSection(SolutionProperties) = preSolution
		HideSolutionNode = FALSE
	EndGlobalSection
	GlobalSection(ExtensibilityGlobals) = postSolution
		SolutionGuid = {186AD871-243D-4069-ABD5-EB5E3DB81ED7}
	EndGlobalSection
EndGlobal
