
Microsoft Visual Studio Solution File, Format Version 12.00
# Visual Studio Version 16
VisualStudioVersion = 16.0.33801.447
MinimumVisualStudioVersion = 10.0.40219.1
Project("{9A19103F-16F7-4668-BE54-9A1E7A4F7556}") = "BlackJackGame", "BlackJackGame\BlackJackGame.csproj", "{CEAE7655-2166-4057-92F2-4B711B1D0FFB}"
EndProject
Project("{FAE04EC0-301F-11D3-BF4B-00C04F79EFBC}") = "Casino", "Casino\Casino.csproj", "{C306131F-B4AC-4618-9CC3-B70BCBB6ABEC}"
EndProject
Global
	GlobalSection(SolutionConfigurationPlatforms) = preSolution
		Debug|Any CPU = Debug|Any CPU
		Release|Any CPU = Release|Any CPU
	EndGlobalSection
	GlobalSection(ProjectConfigurationPlatforms) = postSolution
		{CEAE7655-2166-4057-92F2-4B711B1D0FFB}.Debug|Any CPU.ActiveCfg = Debug|Any CPU
		{CEAE7655-2166-4057-92F2-4B711B1D0FFB}.Debug|Any CPU.Build.0 = Debug|Any CPU
		{CEAE7655-2166-4057-92F2-4B711B1D0FFB}.Release|Any CPU.ActiveCfg = Release|Any CPU
		{CEAE7655-2166-4057-92F2-4B711B1D0FFB}.Release|Any CPU.Build.0 = Release|Any CPU
		{C306131F-B4AC-4618-9CC3-B70BCBB6ABEC}.Debug|Any CPU.ActiveCfg = Debug|Any CPU
		{C306131F-B4AC-4618-9CC3-B70BCBB6ABEC}.Debug|Any CPU.Build.0 = Debug|Any CPU
		{C306131F-B4AC-4618-9CC3-B70BCBB6ABEC}.Release|Any CPU.ActiveCfg = Release|Any CPU
		{C306131F-B4AC-4618-9CC3-B70BCBB6ABEC}.Release|Any CPU.Build.0 = Release|Any CPU
	EndGlobalSection
	GlobalSection(SolutionProperties) = preSolution
		HideSolutionNode = FALSE
	EndGlobalSection
	GlobalSection(ExtensibilityGlobals) = postSolution
		SolutionGuid = {0A13ED24-C376-4B1C-8669-4B9C7F9A13D6}
	EndGlobalSection
EndGlobal
