
Microsoft Visual Studio Solution File, Format Version 12.00
# Visual Studio Version 16
VisualStudioVersion = 16.0.33801.447
MinimumVisualStudioVersion = 10.0.40219.1
Project("{FAE04EC0-301F-11D3-BF4B-00C04F79EFBC}") = "ParsingEnumAssignment", "ParsingEnumAssignment\ParsingEnumAssignment.csproj", "{F1B3FA8D-A08F-4781-A016-8E3D13B03D5E}"
EndProject
Global
	GlobalSection(SolutionConfigurationPlatforms) = preSolution
		Debug|Any CPU = Debug|Any CPU
		Release|Any CPU = Release|Any CPU
	EndGlobalSection
	GlobalSection(ProjectConfigurationPlatforms) = postSolution
		{F1B3FA8D-A08F-4781-A016-8E3D13B03D5E}.Debug|Any CPU.ActiveCfg = Debug|Any CPU
		{F1B3FA8D-A08F-4781-A016-8E3D13B03D5E}.Debug|Any CPU.Build.0 = Debug|Any CPU
		{F1B3FA8D-A08F-4781-A016-8E3D13B03D5E}.Release|Any CPU.ActiveCfg = Release|Any CPU
		{F1B3FA8D-A08F-4781-A016-8E3D13B03D5E}.Release|Any CPU.Build.0 = Release|Any CPU
	EndGlobalSection
	GlobalSection(SolutionProperties) = preSolution
		HideSolutionNode = FALSE
	EndGlobalSection
	GlobalSection(ExtensibilityGlobals) = postSolution
		SolutionGuid = {B5D774F3-0DE5-4805-9C6C-3F0975B4561C}
	EndGlobalSection
EndGlobal
