
Microsoft Visual Studio Solution File, Format Version 12.00
# Visual Studio Version 16
VisualStudioVersion = 16.0.33801.447
MinimumVisualStudioVersion = 10.0.40219.1
Project("{FAE04EC0-301F-11D3-BF4B-00C04F79EFBC}") = "BooleanWhileDoAssignment", "BooleanWhileDoAssignment\BooleanWhileDoAssignment.csproj", "{A0714BD6-CB5C-4DB8-B63B-0D2C26985CC9}"
EndProject
Global
	GlobalSection(SolutionConfigurationPlatforms) = preSolution
		Debug|Any CPU = Debug|Any CPU
		Release|Any CPU = Release|Any CPU
	EndGlobalSection
	GlobalSection(ProjectConfigurationPlatforms) = postSolution
		{A0714BD6-CB5C-4DB8-B63B-0D2C26985CC9}.Debug|Any CPU.ActiveCfg = Debug|Any CPU
		{A0714BD6-CB5C-4DB8-B63B-0D2C26985CC9}.Debug|Any CPU.Build.0 = Debug|Any CPU
		{A0714BD6-CB5C-4DB8-B63B-0D2C26985CC9}.Release|Any CPU.ActiveCfg = Release|Any CPU
		{A0714BD6-CB5C-4DB8-B63B-0D2C26985CC9}.Release|Any CPU.Build.0 = Release|Any CPU
	EndGlobalSection
	GlobalSection(SolutionProperties) = preSolution
		HideSolutionNode = FALSE
	EndGlobalSection
	GlobalSection(ExtensibilityGlobals) = postSolution
		SolutionGuid = {357E33E9-360E-4E52-B9DA-D0467A392230}
	EndGlobalSection
EndGlobal
