
Microsoft Visual Studio Solution File, Format Version 12.00
# Visual Studio Version 16
VisualStudioVersion = 16.0.33801.447
MinimumVisualStudioVersion = 10.0.40219.1
Project("{FAE04EC0-301F-11D3-BF4B-00C04F79EFBC}") = "Lambda Expression Assignment", "Lambda Expression Assignment\Lambda Expression Assignment.csproj", "{9F410B3C-9065-4642-AA67-178D7E94F1C4}"
EndProject
Global
	GlobalSection(SolutionConfigurationPlatforms) = preSolution
		Debug|Any CPU = Debug|Any CPU
		Release|Any CPU = Release|Any CPU
	EndGlobalSection
	GlobalSection(ProjectConfigurationPlatforms) = postSolution
		{9F410B3C-9065-4642-AA67-178D7E94F1C4}.Debug|Any CPU.ActiveCfg = Debug|Any CPU
		{9F410B3C-9065-4642-AA67-178D7E94F1C4}.Debug|Any CPU.Build.0 = Debug|Any CPU
		{9F410B3C-9065-4642-AA67-178D7E94F1C4}.Release|Any CPU.ActiveCfg = Release|Any CPU
		{9F410B3C-9065-4642-AA67-178D7E94F1C4}.Release|Any CPU.Build.0 = Release|Any CPU
	EndGlobalSection
	GlobalSection(SolutionProperties) = preSolution
		HideSolutionNode = FALSE
	EndGlobalSection
	GlobalSection(ExtensibilityGlobals) = postSolution
		SolutionGuid = {7DDEF817-2413-451D-9117-A20BEEC3FA71}
	EndGlobalSection
EndGlobal
