
Microsoft Visual Studio Solution File, Format Version 12.00
# Visual Studio Version 16
VisualStudioVersion = 16.0.33801.447
MinimumVisualStudioVersion = 10.0.40219.1
Project("{FAE04EC0-301F-11D3-BF4B-00C04F79EFBC}") = "StringsAndIntegers", "StringsAndIntegers\StringsAndIntegers.csproj", "{9559F1F5-63DC-4544-A753-CC4533C084F0}"
EndProject
Global
	GlobalSection(SolutionConfigurationPlatforms) = preSolution
		Debug|Any CPU = Debug|Any CPU
		Release|Any CPU = Release|Any CPU
	EndGlobalSection
	GlobalSection(ProjectConfigurationPlatforms) = postSolution
		{9559F1F5-63DC-4544-A753-CC4533C084F0}.Debug|Any CPU.ActiveCfg = Debug|Any CPU
		{9559F1F5-63DC-4544-A753-CC4533C084F0}.Debug|Any CPU.Build.0 = Debug|Any CPU
		{9559F1F5-63DC-4544-A753-CC4533C084F0}.Release|Any CPU.ActiveCfg = Release|Any CPU
		{9559F1F5-63DC-4544-A753-CC4533C084F0}.Release|Any CPU.Build.0 = Release|Any CPU
	EndGlobalSection
	GlobalSection(SolutionProperties) = preSolution
		HideSolutionNode = FALSE
	EndGlobalSection
	GlobalSection(ExtensibilityGlobals) = postSolution
		SolutionGuid = {0D08C0BD-D129-4B71-A6F6-AA40F1B99A4B}
	EndGlobalSection
EndGlobal
