
Microsoft Visual Studio Solution File, Format Version 12.00
# Visual Studio Version 16
VisualStudioVersion = 16.0.33801.447
MinimumVisualStudioVersion = 10.0.40219.1
Project("{FAE04EC0-301F-11D3-BF4B-00C04F79EFBC}") = "MethodClassAssignmentSubmission", "MethodClassAssignmentSubmission\MethodClassAssignmentSubmission.csproj", "{B3CA01E9-7432-45CC-84A5-555CD8A29B6B}"
EndProject
Global
	GlobalSection(SolutionConfigurationPlatforms) = preSolution
		Debug|Any CPU = Debug|Any CPU
		Release|Any CPU = Release|Any CPU
	EndGlobalSection
	GlobalSection(ProjectConfigurationPlatforms) = postSolution
		{B3CA01E9-7432-45CC-84A5-555CD8A29B6B}.Debug|Any CPU.ActiveCfg = Debug|Any CPU
		{B3CA01E9-7432-45CC-84A5-555CD8A29B6B}.Debug|Any CPU.Build.0 = Debug|Any CPU
		{B3CA01E9-7432-45CC-84A5-555CD8A29B6B}.Release|Any CPU.ActiveCfg = Release|Any CPU
		{B3CA01E9-7432-45CC-84A5-555CD8A29B6B}.Release|Any CPU.Build.0 = Release|Any CPU
	EndGlobalSection
	GlobalSection(SolutionProperties) = preSolution
		HideSolutionNode = FALSE
	EndGlobalSection
	GlobalSection(ExtensibilityGlobals) = postSolution
		SolutionGuid = {21D81C83-317C-40FD-8B64-3BA0D70FC7FB}
	EndGlobalSection
EndGlobal
