
Microsoft Visual Studio Solution File, Format Version 12.00
# Visual Studio Version 16
VisualStudioVersion = 16.0.33801.447
MinimumVisualStudioVersion = 10.0.40219.1
Project("{FAE04EC0-301F-11D3-BF4B-00C04F79EFBC}") = "OperatorsAssignment", "OperatorsAssignment\OperatorsAssignment.csproj", "{3C9E8199-36A6-414E-8D43-DF340C6B497D}"
EndProject
Global
	GlobalSection(SolutionConfigurationPlatforms) = preSolution
		Debug|Any CPU = Debug|Any CPU
		Release|Any CPU = Release|Any CPU
	EndGlobalSection
	GlobalSection(ProjectConfigurationPlatforms) = postSolution
		{3C9E8199-36A6-414E-8D43-DF340C6B497D}.Debug|Any CPU.ActiveCfg = Debug|Any CPU
		{3C9E8199-36A6-414E-8D43-DF340C6B497D}.Debug|Any CPU.Build.0 = Debug|Any CPU
		{3C9E8199-36A6-414E-8D43-DF340C6B497D}.Release|Any CPU.ActiveCfg = Release|Any CPU
		{3C9E8199-36A6-414E-8D43-DF340C6B497D}.Release|Any CPU.Build.0 = Release|Any CPU
	EndGlobalSection
	GlobalSection(SolutionProperties) = preSolution
		HideSolutionNode = FALSE
	EndGlobalSection
	GlobalSection(ExtensibilityGlobals) = postSolution
		SolutionGuid = {51534013-B7B6-4BF7-9C30-C9918A6E4BAA}
	EndGlobalSection
EndGlobal
